
Microsoft Visual Studio Solution File, Format Version 12.00
# Visual Studio Version 17
VisualStudioVersion = 17.3.32922.545
MinimumVisualStudioVersion = 10.0.40219.1
Project("{9A19103F-16F7-4668-BE54-9A1E7A4F7556}") = "IBASEmployeeService", "IBASEmployeeService.csproj", "{97DAF1E4-0613-4B28-AE03-45077D6F69DB}"
EndProject
Global
	GlobalSection(SolutionConfigurationPlatforms) = preSolution
		Debug|Any CPU = Debug|Any CPU
		Release|Any CPU = Release|Any CPU
	EndGlobalSection
	GlobalSection(ProjectConfigurationPlatforms) = postSolution
		{97DAF1E4-0613-4B28-AE03-45077D6F69DB}.Debug|Any CPU.ActiveCfg = Debug|Any CPU
		{97DAF1E4-0613-4B28-AE03-45077D6F69DB}.Debug|Any CPU.Build.0 = Debug|Any CPU
		{97DAF1E4-0613-4B28-AE03-45077D6F69DB}.Release|Any CPU.ActiveCfg = Release|Any CPU
		{97DAF1E4-0613-4B28-AE03-45077D6F69DB}.Release|Any CPU.Build.0 = Release|Any CPU
	EndGlobalSection
	GlobalSection(SolutionProperties) = preSolution
		HideSolutionNode = FALSE
	EndGlobalSection
	GlobalSection(ExtensibilityGlobals) = postSolution
		SolutionGuid = {D6A21119-7707-43DE-A2D2-EA1A3AC16048}
	EndGlobalSection
EndGlobal
